
Microsoft Visual Studio Solution File, Format Version 12.00
# Visual Studio 2012
Project("{FAE04EC0-301F-11D3-BF4B-00C04F79EFBC}") = "StudioMaps.API", "StudioMaps.API\StudioMaps.API.csproj", "{25272972-2F70-48C6-A446-1C2182F482B1}"
EndProject
Project("{FAE04EC0-301F-11D3-BF4B-00C04F79EFBC}") = "StudioMaps.API.Test", "StudioMaps.API.Test\StudioMaps.API.Test.csproj", "{19F8D634-D3A9-441D-80FF-4CBD8AD73149}"
EndProject
Project("{FAE04EC0-301F-11D3-BF4B-00C04F79EFBC}") = "GoogleMapsApi", "GoogleMapsApi\GoogleMapsApi.csproj", "{61E9FC82-47B0-43C3-8749-95D3A9967060}"
EndProject
Project("{FAE04EC0-301F-11D3-BF4B-00C04F79EFBC}") = "StudioMaps.Web", "StudioMaps.Web\StudioMaps.Web.csproj", "{F3DE6F7A-B302-45A0-BDD0-DB75A6AD7F41}"
EndProject
Global
	GlobalSection(SolutionConfigurationPlatforms) = preSolution
		Debug|Any CPU = Debug|Any CPU
		Release|Any CPU = Release|Any CPU
	EndGlobalSection
	GlobalSection(ProjectConfigurationPlatforms) = postSolution
		{25272972-2F70-48C6-A446-1C2182F482B1}.Debug|Any CPU.ActiveCfg = Debug|Any CPU
		{25272972-2F70-48C6-A446-1C2182F482B1}.Debug|Any CPU.Build.0 = Debug|Any CPU
		{25272972-2F70-48C6-A446-1C2182F482B1}.Release|Any CPU.ActiveCfg = Release|Any CPU
		{25272972-2F70-48C6-A446-1C2182F482B1}.Release|Any CPU.Build.0 = Release|Any CPU
		{19F8D634-D3A9-441D-80FF-4CBD8AD73149}.Debug|Any CPU.ActiveCfg = Debug|Any CPU
		{19F8D634-D3A9-441D-80FF-4CBD8AD73149}.Debug|Any CPU.Build.0 = Debug|Any CPU
		{19F8D634-D3A9-441D-80FF-4CBD8AD73149}.Release|Any CPU.ActiveCfg = Release|Any CPU
		{19F8D634-D3A9-441D-80FF-4CBD8AD73149}.Release|Any CPU.Build.0 = Release|Any CPU
		{61E9FC82-47B0-43C3-8749-95D3A9967060}.Debug|Any CPU.ActiveCfg = Debug|Any CPU
		{61E9FC82-47B0-43C3-8749-95D3A9967060}.Debug|Any CPU.Build.0 = Debug|Any CPU
		{61E9FC82-47B0-43C3-8749-95D3A9967060}.Release|Any CPU.ActiveCfg = Release|Any CPU
		{61E9FC82-47B0-43C3-8749-95D3A9967060}.Release|Any CPU.Build.0 = Release|Any CPU
		{F3DE6F7A-B302-45A0-BDD0-DB75A6AD7F41}.Debug|Any CPU.ActiveCfg = Debug|Any CPU
		{F3DE6F7A-B302-45A0-BDD0-DB75A6AD7F41}.Debug|Any CPU.Build.0 = Debug|Any CPU
		{F3DE6F7A-B302-45A0-BDD0-DB75A6AD7F41}.Release|Any CPU.ActiveCfg = Release|Any CPU
		{F3DE6F7A-B302-45A0-BDD0-DB75A6AD7F41}.Release|Any CPU.Build.0 = Release|Any CPU
	EndGlobalSection
	GlobalSection(SolutionProperties) = preSolution
		HideSolutionNode = FALSE
	EndGlobalSection
EndGlobal
